
Microsoft Visual Studio Solution File, Format Version 12.00
# Visual Studio Version 16
VisualStudioVersion = 16.0.29411.138
MinimumVisualStudioVersion = 10.0.40219.1
Project("{FAE04EC0-301F-11D3-BF4B-00C04F79EFBC}") = "BlazorDemoTim.Server", "BlazorDemoTim\Server\BlazorDemoTim.Server.csproj", "{F5A7E823-A7C5-4125-95F9-3BA916013EC6}"
EndProject
Project("{FAE04EC0-301F-11D3-BF4B-00C04F79EFBC}") = "BlazorDemoTim.Client", "BlazorDemoTim\Client\BlazorDemoTim.Client.csproj", "{92105290-9054-4920-8A01-3BA504668F1E}"
EndProject
Project("{FAE04EC0-301F-11D3-BF4B-00C04F79EFBC}") = "BlazorDemoTim.Shared", "BlazorDemoTim\Shared\BlazorDemoTim.Shared.csproj", "{44676117-5646-45E7-BFF2-F0BB598C002F}"
EndProject
Global
	GlobalSection(SolutionConfigurationPlatforms) = preSolution
		Debug|Any CPU = Debug|Any CPU
		Release|Any CPU = Release|Any CPU
	EndGlobalSection
	GlobalSection(ProjectConfigurationPlatforms) = postSolution
		{F5A7E823-A7C5-4125-95F9-3BA916013EC6}.Debug|Any CPU.ActiveCfg = Debug|Any CPU
		{F5A7E823-A7C5-4125-95F9-3BA916013EC6}.Debug|Any CPU.Build.0 = Debug|Any CPU
		{F5A7E823-A7C5-4125-95F9-3BA916013EC6}.Release|Any CPU.ActiveCfg = Release|Any CPU
		{F5A7E823-A7C5-4125-95F9-3BA916013EC6}.Release|Any CPU.Build.0 = Release|Any CPU
		{92105290-9054-4920-8A01-3BA504668F1E}.Debug|Any CPU.ActiveCfg = Debug|Any CPU
		{92105290-9054-4920-8A01-3BA504668F1E}.Debug|Any CPU.Build.0 = Debug|Any CPU
		{92105290-9054-4920-8A01-3BA504668F1E}.Release|Any CPU.ActiveCfg = Release|Any CPU
		{92105290-9054-4920-8A01-3BA504668F1E}.Release|Any CPU.Build.0 = Release|Any CPU
		{44676117-5646-45E7-BFF2-F0BB598C002F}.Debug|Any CPU.ActiveCfg = Debug|Any CPU
		{44676117-5646-45E7-BFF2-F0BB598C002F}.Debug|Any CPU.Build.0 = Debug|Any CPU
		{44676117-5646-45E7-BFF2-F0BB598C002F}.Release|Any CPU.ActiveCfg = Release|Any CPU
		{44676117-5646-45E7-BFF2-F0BB598C002F}.Release|Any CPU.Build.0 = Release|Any CPU
	EndGlobalSection
	GlobalSection(SolutionProperties) = preSolution
		HideSolutionNode = FALSE
	EndGlobalSection
	GlobalSection(ExtensibilityGlobals) = postSolution
		SolutionGuid = {D2FD32EF-59CE-4A8B-87DB-CD53323CBD75}
	EndGlobalSection
EndGlobal
